
Microsoft Visual Studio Solution File, Format Version 12.00
# Visual Studio 15
VisualStudioVersion = 15.0.27130.2010
MinimumVisualStudioVersion = 10.0.40219.1
Project("{8BC9CEB8-8B4A-11D0-8D11-00A0C91BC942}") = "MonitorSystemClient", "MonitorSystemClient\MonitorSystemClient.vcxproj", "{2D66F91A-05BE-4352-9ACC-5B11B0A9B175}"
EndProject
Global
	GlobalSection(SolutionConfigurationPlatforms) = preSolution
		Debug|x64 = Debug|x64
		Debug|x86 = Debug|x86
		Release|x64 = Release|x64
		Release|x86 = Release|x86
	EndGlobalSection
	GlobalSection(ProjectConfigurationPlatforms) = postSolution
		{2D66F91A-05BE-4352-9ACC-5B11B0A9B175}.Debug|x64.ActiveCfg = Debug|x64
		{2D66F91A-05BE-4352-9ACC-5B11B0A9B175}.Debug|x64.Build.0 = Debug|x64
		{2D66F91A-05BE-4352-9ACC-5B11B0A9B175}.Debug|x86.ActiveCfg = Debug|Win32
		{2D66F91A-05BE-4352-9ACC-5B11B0A9B175}.Debug|x86.Build.0 = Debug|Win32
		{2D66F91A-05BE-4352-9ACC-5B11B0A9B175}.Release|x64.ActiveCfg = Release|x64
		{2D66F91A-05BE-4352-9ACC-5B11B0A9B175}.Release|x64.Build.0 = Release|x64
		{2D66F91A-05BE-4352-9ACC-5B11B0A9B175}.Release|x86.ActiveCfg = Release|Win32
		{2D66F91A-05BE-4352-9ACC-5B11B0A9B175}.Release|x86.Build.0 = Release|Win32
	EndGlobalSection
	GlobalSection(SolutionProperties) = preSolution
		HideSolutionNode = FALSE
	EndGlobalSection
	GlobalSection(ExtensibilityGlobals) = postSolution
		SolutionGuid = {DF8A0995-EB5C-4A1E-8EFF-66EEE534D51A}
	EndGlobalSection
EndGlobal
